
Microsoft Visual Studio Solution File, Format Version 12.00
# Visual Studio 2012
Project("{FAE04EC0-301F-11D3-BF4B-00C04F79EFBC}") = "WallChanger", "WallChanger\WallChanger.csproj", "{9F1822D5-12EE-437A-8488-B3C5B407E16F}"
EndProject
Project("{FAE04EC0-301F-11D3-BF4B-00C04F79EFBC}") = "UnitTestProject", "UnitTestProject\UnitTestProject.csproj", "{4FC1A090-FA71-458B-97ED-CA18F8ADB484}"
EndProject
Project("{FAE04EC0-301F-11D3-BF4B-00C04F79EFBC}") = "Scheduler", "Scheduler\Scheduler.csproj", "{504FA9E1-1B83-45F0-9F4F-629897F91085}"
	ProjectSection(ProjectDependencies) = postProject
		{9F1822D5-12EE-437A-8488-B3C5B407E16F} = {9F1822D5-12EE-437A-8488-B3C5B407E16F}
	EndProjectSection
EndProject
Global
	GlobalSection(SolutionConfigurationPlatforms) = preSolution
		Debug|Any CPU = Debug|Any CPU
		Release|Any CPU = Release|Any CPU
	EndGlobalSection
	GlobalSection(ProjectConfigurationPlatforms) = postSolution
		{9F1822D5-12EE-437A-8488-B3C5B407E16F}.Debug|Any CPU.ActiveCfg = Debug|Any CPU
		{9F1822D5-12EE-437A-8488-B3C5B407E16F}.Debug|Any CPU.Build.0 = Debug|Any CPU
		{9F1822D5-12EE-437A-8488-B3C5B407E16F}.Release|Any CPU.ActiveCfg = Release|Any CPU
		{9F1822D5-12EE-437A-8488-B3C5B407E16F}.Release|Any CPU.Build.0 = Release|Any CPU
		{9F1822D5-12EE-437A-8488-B3C5B407E16F}.Release|Any CPU.Deploy.0 = Release|Any CPU
		{4FC1A090-FA71-458B-97ED-CA18F8ADB484}.Debug|Any CPU.ActiveCfg = Debug|Any CPU
		{4FC1A090-FA71-458B-97ED-CA18F8ADB484}.Debug|Any CPU.Build.0 = Debug|Any CPU
		{4FC1A090-FA71-458B-97ED-CA18F8ADB484}.Release|Any CPU.ActiveCfg = Release|Any CPU
		{4FC1A090-FA71-458B-97ED-CA18F8ADB484}.Release|Any CPU.Build.0 = Release|Any CPU
		{504FA9E1-1B83-45F0-9F4F-629897F91085}.Debug|Any CPU.ActiveCfg = Debug|Any CPU
		{504FA9E1-1B83-45F0-9F4F-629897F91085}.Debug|Any CPU.Build.0 = Debug|Any CPU
		{504FA9E1-1B83-45F0-9F4F-629897F91085}.Release|Any CPU.ActiveCfg = Release|Any CPU
		{504FA9E1-1B83-45F0-9F4F-629897F91085}.Release|Any CPU.Build.0 = Release|Any CPU
	EndGlobalSection
	GlobalSection(SolutionProperties) = preSolution
		HideSolutionNode = FALSE
	EndGlobalSection
EndGlobal
